// !$*UTF8*$!
{
	archiveVersion = 1;
	classes = {
	};
	objectVersion = 48;
	objects = {

/* Begin PBXBuildFile section */
		07C4F82720B405F9005E37DC /* AppDelegate.m in Sources */ = {isa = PBXBuildFile; fileRef = 07C4F82620B405F9005E37DC /* AppDelegate.m */; };
		07C4F82A20B405F9005E37DC /* ViewController.m in Sources */ = {isa = PBXBuildFile; fileRef = 07C4F82920B405F9005E37DC /* ViewController.m */; };
		07C4F82D20B405F9005E37DC /* Main.storyboard in Resources */ = {isa = PBXBuildFile; fileRef = 07C4F82B20B405F9005E37DC /* Main.storyboard */; };
		07C4F82F20B405F9005E37DC /* Assets.xcassets in Resources */ = {isa = PBXBuildFile; fileRef = 07C4F82E20B405F9005E37DC /* Assets.xcassets */; };
		07C4F83220B405F9005E37DC /* LaunchScreen.storyboard in Resources */ = {isa = PBXBuildFile; fileRef = 07C4F83020B405F9005E37DC /* LaunchScreen.storyboard */; };
		07C4F83520B405F9005E37DC /* main.m in Sources */ = {isa = PBXBuildFile; fileRef = 07C4F83420B405F9005E37DC /* main.m */; };
		07C4F83F20B405F9005E37DC /* SingletonDemoTests.m in Sources */ = {isa = PBXBuildFile; fileRef = 07C4F83E20B405F9005E37DC /* SingletonDemoTests.m */; };
		07C4F84B20B40616005E37DC /* TestSingleton.m in Sources */ = {isa = PBXBuildFile; fileRef = 07C4F84A20B40616005E37DC /* TestSingleton.m */; };
/* End PBXBuildFile section */

/* Begin PBXContainerItemProxy section */
		07C4F83B20B405F9005E37DC /* PBXContainerItemProxy */ = {
			isa = PBXContainerItemProxy;
			containerPortal = 07C4F81A20B405F9005E37DC /* Project object */;
			proxyType = 1;
			remoteGlobalIDString = 07C4F82120B405F9005E37DC;
			remoteInfo = SingletonDemo;
		};
/* End PBXContainerItemProxy section */

/* Begin PBXFileReference section */
		07C4F82220B405F9005E37DC /* SingletonDemo.app */ = {isa = PBXFileReference; explicitFileType = wrapper.application; includeInIndex = 0; path = SingletonDemo.app; sourceTree = BUILT_PRODUCTS_DIR; };
		07C4F82520B405F9005E37DC /* AppDelegate.h */ = {isa = PBXFileReference; lastKnownFileType = sourcecode.c.h; path = AppDelegate.h; sourceTree = "<group>"; };
		07C4F82620B405F9005E37DC /* AppDelegate.m */ = {isa = PBXFileReference; lastKnownFileType = sourcecode.c.objc; path = AppDelegate.m; sourceTree = "<group>"; };
		07C4F82820B405F9005E37DC /* ViewController.h */ = {isa = PBXFileReference; lastKnownFileType = sourcecode.c.h; path = ViewController.h; sourceTree = "<group>"; };
		07C4F82920B405F9005E37DC /* ViewController.m */ = {isa = PBXFileReference; lastKnownFileType = sourcecode.c.objc; path = ViewController.m; sourceTree = "<group>"; };
		07C4F82C20B405F9005E37DC /* Base */ = {isa = PBXFileReference; lastKnownFileType = file.storyboard; name = Base; path = Base.lproj/Main.storyboard; sourceTree = "<group>"; };
		07C4F82E20B405F9005E37DC /* Assets.xcassets */ = {isa = PBXFileReference; lastKnownFileType = folder.assetcatalog; path = Assets.xcassets; sourceTree = "<group>"; };
		07C4F83120B405F9005E37DC /* Base */ = {isa = PBXFileReference; lastKnownFileType = file.storyboard; name = Base; path = Base.lproj/LaunchScreen.storyboard; sourceTree = "<group>"; };
		07C4F83320B405F9005E37DC /* Info.plist */ = {isa = PBXFileReference; lastKnownFileType = text.plist.xml; path = Info.plist; sourceTree = "<group>"; };
		07C4F83420B405F9005E37DC /* main.m */ = {isa = PBXFileReference; lastKnownFileType = sourcecode.c.objc; path = main.m; sourceTree = "<group>"; };
		07C4F83A20B405F9005E37DC /* SingletonDemoTests.xctest */ = {isa = PBXFileReference; explicitFileType = wrapper.cfbundle; includeInIndex = 0; path = SingletonDemoTests.xctest; sourceTree = BUILT_PRODUCTS_DIR; };
		07C4F83E20B405F9005E37DC /* SingletonDemoTests.m */ = {isa = PBXFileReference; lastKnownFileType = sourcecode.c.objc; path = SingletonDemoTests.m; sourceTree = "<group>"; };
		07C4F84020B405F9005E37DC /* Info.plist */ = {isa = PBXFileReference; lastKnownFileType = text.plist.xml; path = Info.plist; sourceTree = "<group>"; };
		07C4F84920B40616005E37DC /* TestSingleton.h */ = {isa = PBXFileReference; lastKnownFileType = sourcecode.c.h; path = TestSingleton.h; sourceTree = "<group>"; };
		07C4F84A20B40616005E37DC /* TestSingleton.m */ = {isa = PBXFileReference; lastKnownFileType = sourcecode.c.objc; path = TestSingleton.m; sourceTree = "<group>"; };
/* End PBXFileReference section */

/* Begin PBXFrameworksBuildPhase section */
		07C4F81F20B405F9005E37DC /* Frameworks */ = {
			isa = PBXFrameworksBuildPhase;
			buildActionMask = 2147483647;
			files = (
			);
			runOnlyForDeploymentPostprocessing = 0;
		};
		07C4F83720B405F9005E37DC /* Frameworks */ = {
			isa = PBXFrameworksBuildPhase;
			buildActionMask = 2147483647;
			files = (
			);
			runOnlyForDeploymentPostprocessing = 0;
		};
/* End PBXFrameworksBuildPhase section */

/* Begin PBXGroup section */
		07C4F81920B405F9005E37DC = {
			isa = PBXGroup;
			children = (
				07C4F82420B405F9005E37DC /* SingletonDemo */,
				07C4F83D20B405F9005E37DC /* SingletonDemoTests */,
				07C4F82320B405F9005E37DC /* Products */,
			);
			sourceTree = "<group>";
		};
		07C4F82320B405F9005E37DC /* Products */ = {
			isa = PBXGroup;
			children = (
				07C4F82220B405F9005E37DC /* SingletonDemo.app */,
				07C4F83A20B405F9005E37DC /* SingletonDemoTests.xctest */,
			);
			name = Products;
			sourceTree = "<group>";
		};
		07C4F82420B405F9005E37DC /* SingletonDemo */ = {
			isa = PBXGroup;
			children = (
				07C4F82520B405F9005E37DC /* AppDelegate.h */,
				07C4F82620B405F9005E37DC /* AppDelegate.m */,
				07C4F82820B405F9005E37DC /* ViewController.h */,
				07C4F82920B405F9005E37DC /* ViewController.m */,
				07C4F84920B40616005E37DC /* TestSingleton.h */,
				07C4F84A20B40616005E37DC /* TestSingleton.m */,
				07C4F82B20B405F9005E37DC /* Main.storyboard */,
				07C4F82E20B405F9005E37DC /* Assets.xcassets */,
				07C4F83020B405F9005E37DC /* LaunchScreen.storyboard */,
				07C4F83320B405F9005E37DC /* Info.plist */,
				07C4F83420B405F9005E37DC /* main.m */,
			);
			path = SingletonDemo;
			sourceTree = "<group>";
		};
		07C4F83D20B405F9005E37DC /* SingletonDemoTests */ = {
			isa = PBXGroup;
			children = (
				07C4F83E20B405F9005E37DC /* SingletonDemoTests.m */,
				07C4F84020B405F9005E37DC /* Info.plist */,
			);
			path = SingletonDemoTests;
			sourceTree = "<group>";
		};
/* End PBXGroup section */

/* Begin PBXNativeTarget section */
		07C4F82120B405F9005E37DC /* SingletonDemo */ = {
			isa = PBXNativeTarget;
			buildConfigurationList = 07C4F84320B405F9005E37DC /* Build configuration list for PBXNativeTarget "SingletonDemo" */;
			buildPhases = (
				07C4F81E20B405F9005E37DC /* Sources */,
				07C4F81F20B405F9005E37DC /* Frameworks */,
				07C4F82020B405F9005E37DC /* Resources */,
			);
			buildRules = (
			);
			dependencies = (
			);
			name = SingletonDemo;
			productName = SingletonDemo;
			productReference = 07C4F82220B405F9005E37DC /* SingletonDemo.app */;
			productType = "com.apple.product-type.application";
		};
		07C4F83920B405F9005E37DC /* SingletonDemoTests */ = {
			isa = PBXNativeTarget;
			buildConfigurationList = 07C4F84620B405F9005E37DC /* Build configuration list for PBXNativeTarget "SingletonDemoTests" */;
			buildPhases = (
				07C4F83620B405F9005E37DC /* Sources */,
				07C4F83720B405F9005E37DC /* Frameworks */,
				07C4F83820B405F9005E37DC /* Resources */,
			);
			buildRules = (
			);
			dependencies = (
				07C4F83C20B405F9005E37DC /* PBXTargetDependency */,
			);
			name = SingletonDemoTests;
			productName = SingletonDemoTests;
			productReference = 07C4F83A20B405F9005E37DC /* SingletonDemoTests.xctest */;
			productType = "com.apple.product-type.bundle.unit-test";
		};
/* End PBXNativeTarget section */

/* Begin PBXProject section */
		07C4F81A20B405F9005E37DC /* Project object */ = {
			isa = PBXProject;
			attributes = {
				LastUpgradeCheck = 0910;
				ORGANIZATIONNAME = Lee;
				TargetAttributes = {
					07C4F82120B405F9005E37DC = {
						CreatedOnToolsVersion = 9.1;
						ProvisioningStyle = Automatic;
					};
					07C4F83920B405F9005E37DC = {
						CreatedOnToolsVersion = 9.1;
						ProvisioningStyle = Automatic;
						TestTargetID = 07C4F82120B405F9005E37DC;
					};
				};
			};
			buildConfigurationList = 07C4F81D20B405F9005E37DC /* Build configuration list for PBXProject "SingletonDemo" */;
			compatibilityVersion = "Xcode 8.0";
			developmentRegion = en;
			hasScannedForEncodings = 0;
			knownRegions = (
				en,
				Base,
			);
			mainGroup = 07C4F81920B405F9005E37DC;
			productRefGroup = 07C4F82320B405F9005E37DC /* Products */;
			projectDirPath = "";
			projectRoot = "";
			targets = (
				07C4F82120B405F9005E37DC /* SingletonDemo */,
				07C4F83920B405F9005E37DC /* SingletonDemoTests */,
			);
		};
/* End PBXProject section */

/* Begin PBXResourcesBuildPhase section */
		07C4F82020B405F9005E37DC /* Resources */ = {
			isa = PBXResourcesBuildPhase;
			buildActionMask = 2147483647;
			files = (
				07C4F83220B405F9005E37DC /* LaunchScreen.storyboard in Resources */,
				07C4F82F20B405F9005E37DC /* Assets.xcassets in Resources */,
				07C4F82D20B405F9005E37DC /* Main.storyboard in Resources */,
			);
			runOnlyForDeploymentPostprocessing = 0;
		};
		07C4F83820B405F9005E37DC /* Resources */ = {
			isa = PBXResourcesBuildPhase;
			buildActionMask = 2147483647;
			files = (
			);
			runOnlyForDeploymentPostprocessing = 0;
		};
/* End PBXResourcesBuildPhase section */

/* Begin PBXSourcesBuildPhase section */
		07C4F81E20B405F9005E37DC /* Sources */ = {
			isa = PBXSourcesBuildPhase;
			buildActionMask = 2147483647;
			files = (
				07C4F82A20B405F9005E37DC /* ViewController.m in Sources */,
				07C4F84B20B40616005E37DC /* TestSingleton.m in Sources */,
				07C4F83520B405F9005E37DC /* main.m in Sources */,
				07C4F82720B405F9005E37DC /* AppDelegate.m in Sources */,
			);
			runOnlyForDeploymentPostprocessing = 0;
		};
		07C4F83620B405F9005E37DC /* Sources */ = {
			isa = PBXSourcesBuildPhase;
			buildActionMask = 2147483647;
			files = (
				07C4F83F20B405F9005E37DC /* SingletonDemoTests.m in Sources */,
			);
			runOnlyForDeploymentPostprocessing = 0;
		};
/* End PBXSourcesBuildPhase section */

/* Begin PBXTargetDependency section */
		07C4F83C20B405F9005E37DC /* PBXTargetDependency */ = {
			isa = PBXTargetDependency;
			target = 07C4F82120B405F9005E37DC /* SingletonDemo */;
			targetProxy = 07C4F83B20B405F9005E37DC /* PBXContainerItemProxy */;
		};
/* End PBXTargetDependency section */

/* Begin PBXVariantGroup section */
		07C4F82B20B405F9005E37DC /* Main.storyboard */ = {
			isa = PBXVariantGroup;
			children = (
				07C4F82C20B405F9005E37DC /* Base */,
			);
			name = Main.storyboard;
			sourceTree = "<group>";
		};
		07C4F83020B405F9005E37DC /* LaunchScreen.storyboard */ = {
			isa = PBXVariantGroup;
			children = (
				07C4F83120B405F9005E37DC /* Base */,
			);
			name = LaunchScreen.storyboard;
			sourceTree = "<group>";
		};
/* End PBXVariantGroup section */

/* Begin XCBuildConfiguration section */
		07C4F84120B405F9005E37DC /* Debug */ = {
			isa = XCBuildConfiguration;
			buildSettings = {
				ALWAYS_SEARCH_USER_PATHS = NO;
				CLANG_ANALYZER_NONNULL = YES;
				CLANG_ANALYZER_NUMBER_OBJECT_CONVERSION = YES_AGGRESSIVE;
				CLANG_CXX_LANGUAGE_STANDARD = "gnu++14";
				CLANG_CXX_LIBRARY = "libc++";
				CLANG_ENABLE_MODULES = YES;
				CLANG_ENABLE_OBJC_ARC = YES;
				CLANG_WARN_BLOCK_CAPTURE_AUTORELEASING = YES;
				CLANG_WARN_BOOL_CONVERSION = YES;
				CLANG_WARN_COMMA = YES;
				CLANG_WARN_CONSTANT_CONVERSION = YES;
				CLANG_WARN_DIRECT_OBJC_ISA_USAGE = YES_ERROR;
				CLANG_WARN_DOCUMENTATION_COMMENTS = YES;
				CLANG_WARN_EMPTY_BODY = YES;
				CLANG_WARN_ENUM_CONVERSION = YES;
				CLANG_WARN_INFINITE_RECURSION = YES;
				CLANG_WARN_INT_CONVERSION = YES;
				CLANG_WARN_NON_LITERAL_NULL_CONVERSION = YES;
				CLANG_WARN_OBJC_LITERAL_CONVERSION = YES;
				CLANG_WARN_OBJC_ROOT_CLASS = YES_ERROR;
				CLANG_WARN_RANGE_LOOP_ANALYSIS = YES;
				CLANG_WARN_STRICT_PROTOTYPES = YES;
				CLANG_WARN_SUSPICIOUS_MOVE = YES;
				CLANG_WARN_UNGUARDED_AVAILABILITY = YES_AGGRESSIVE;
				CLANG_WARN_UNREACHABLE_CODE = YES;
				CLANG_WARN__DUPLICATE_METHOD_MATCH = YES;
				CODE_SIGN_IDENTITY = "iPhone Developer";
				COPY_PHASE_STRIP = NO;
				DEBUG_INFORMATION_FORMAT = dwarf;
				ENABLE_STRICT_OBJC_MSGSEND = YES;
				ENABLE_TESTABILITY = YES;
				GCC_C_LANGUAGE_STANDARD = gnu11;
				GCC_DYNAMIC_NO_PIC = NO;
				GCC_NO_COMMON_BLOCKS = YES;
				GCC_OPTIMIZATION_LEVEL = 0;
				GCC_PREPROCESSOR_DEFINITIONS = (
					"DEBUG=1",
					"$(inherited)",
				);
				GCC_WARN_64_TO_32_BIT_CONVERSION = YES;
				GCC_WARN_ABOUT_RETURN_TYPE = YES_ERROR;
				GCC_WARN_UNDECLARED_SELECTOR = YES;
				GCC_WARN_UNINITIALIZED_AUTOS = YES_AGGRESSIVE;
				GCC_WARN_UNUSED_FUNCTION = YES;
				GCC_WARN_UNUSED_VARIABLE = YES;
				IPHONEOS_DEPLOYMENT_TARGET = 11.1;
				MTL_ENABLE_DEBUG_INFO = YES;
				ONLY_ACTIVE_ARCH = YES;
				SDKROOT = iphoneos;
			};
			name = Debug;
		};
		07C4F84220B405F9005E37DC /* Release */ = {
			isa = XCBuildConfiguration;
			buildSettings = {
				ALWAYS_SEARCH_USER_PATHS = NO;
				CLANG_ANALYZER_NONNULL = YES;
				CLANG_ANALYZER_NUMBER_OBJECT_CONVERSION = YES_AGGRESSIVE;
				CLANG_CXX_LANGUAGE_STANDARD = "gnu++14";
				CLANG_CXX_LIBRARY = "libc++";
				CLANG_ENABLE_MODULES = YES;
				CLANG_ENABLE_OBJC_ARC = YES;
				CLANG_WARN_BLOCK_CAPTURE_AUTORELEASING = YES;
				CLANG_WARN_BOOL_CONVERSION = YES;
				CLANG_WARN_COMMA = YES;
				CLANG_WARN_CONSTANT_CONVERSION = YES;
				CLANG_WARN_DIRECT_OBJC_ISA_USAGE = YES_ERROR;
				CLANG_WARN_DOCUMENTATION_COMMENTS = YES;
				CLANG_WARN_EMPTY_BODY = YES;
				CLANG_WARN_ENUM_CONVERSION = YES;
				CLANG_WARN_INFINITE_RECURSION = YES;
				CLANG_WARN_INT_CONVERSION = YES;
				CLANG_WARN_NON_LITERAL_NULL_CONVERSION = YES;
				CLANG_WARN_OBJC_LITERAL_CONVERSION = YES;
				CLANG_WARN_OBJC_ROOT_CLASS = YES_ERROR;
				CLANG_WARN_RANGE_LOOP_ANALYSIS = YES;
				CLANG_WARN_STRICT_PROTOTYPES = YES;
				CLANG_WARN_SUSPICIOUS_MOVE = YES;
				CLANG_WARN_UNGUARDED_AVAILABILITY = YES_AGGRESSIVE;
				CLANG_WARN_UNREACHABLE_CODE = YES;
				CLANG_WARN__DUPLICATE_METHOD_MATCH = YES;
				CODE_SIGN_IDENTITY = "iPhone Developer";
				COPY_PHASE_STRIP = NO;
				DEBUG_INFORMATION_FORMAT = "dwarf-with-dsym";
				ENABLE_NS_ASSERTIONS = NO;
				ENABLE_STRICT_OBJC_MSGSEND = YES;
				GCC_C_LANGUAGE_STANDARD = gnu11;
				GCC_NO_COMMON_BLOCKS = YES;
				GCC_WARN_64_TO_32_BIT_CONVERSION = YES;
				GCC_WARN_ABOUT_RETURN_TYPE = YES_ERROR;
				GCC_WARN_UNDECLARED_SELECTOR = YES;
				GCC_WARN_UNINITIALIZED_AUTOS = YES_AGGRESSIVE;
				GCC_WARN_UNUSED_FUNCTION = YES;
				GCC_WARN_UNUSED_VARIABLE = YES;
				IPHONEOS_DEPLOYMENT_TARGET = 11.1;
				MTL_ENABLE_DEBUG_INFO = NO;
				SDKROOT = iphoneos;
				VALIDATE_PRODUCT = YES;
			};
			name = Release;
		};
		07C4F84420B405F9005E37DC /* Debug */ = {
			isa = XCBuildConfiguration;
			buildSettings = {
				ASSETCATALOG_COMPILER_APPICON_NAME = AppIcon;
				CODE_SIGN_STYLE = Automatic;
				INFOPLIST_FILE = SingletonDemo/Info.plist;
				LD_RUNPATH_SEARCH_PATHS = "$(inherited) @executable_path/Frameworks";
				PRODUCT_BUNDLE_IDENTIFIER = GoodMen.SingletonDemo;
				PRODUCT_NAME = "$(TARGET_NAME)";
				TARGETED_DEVICE_FAMILY = "1,2";
			};
			name = Debug;
		};
		07C4F84520B405F9005E37DC /* Release */ = {
			isa = XCBuildConfiguration;
			buildSettings = {
				ASSETCATALOG_COMPILER_APPICON_NAME = AppIcon;
				CODE_SIGN_STYLE = Automatic;
				INFOPLIST_FILE = SingletonDemo/Info.plist;
				LD_RUNPATH_SEARCH_PATHS = "$(inherited) @executable_path/Frameworks";
				PRODUCT_BUNDLE_IDENTIFIER = GoodMen.SingletonDemo;
				PRODUCT_NAME = "$(TARGET_NAME)";
				TARGETED_DEVICE_FAMILY = "1,2";
			};
			name = Release;
		};
		07C4F84720B405F9005E37DC /* Debug */ = {
			isa = XCBuildConfiguration;
			buildSettings = {
				BUNDLE_LOADER = "$(TEST_HOST)";
				CODE_SIGN_STYLE = Automatic;
				INFOPLIST_FILE = SingletonDemoTests/Info.plist;
				LD_RUNPATH_SEARCH_PATHS = "$(inherited) @executable_path/Frameworks @loader_path/Frameworks";
				PRODUCT_BUNDLE_IDENTIFIER = GoodMen.SingletonDemoTests;
				PRODUCT_NAME = "$(TARGET_NAME)";
				TARGETED_DEVICE_FAMILY = "1,2";
				TEST_HOST = "$(BUILT_PRODUCTS_DIR)/SingletonDemo.app/SingletonDemo";
			};
			name = Debug;
		};
		07C4F84820B405F9005E37DC /* Release */ = {
			isa = XCBuildConfiguration;
			buildSettings = {
				BUNDLE_LOADER = "$(TEST_HOST)";
				CODE_SIGN_STYLE = Automatic;
				INFOPLIST_FILE = SingletonDemoTests/Info.plist;
				LD_RUNPATH_SEARCH_PATHS = "$(inherited) @executable_path/Frameworks @loader_path/Frameworks";
				PRODUCT_BUNDLE_IDENTIFIER = GoodMen.SingletonDemoTests;
				PRODUCT_NAME = "$(TARGET_NAME)";
				TARGETED_DEVICE_FAMILY = "1,2";
				TEST_HOST = "$(BUILT_PRODUCTS_DIR)/SingletonDemo.app/SingletonDemo";
			};
			name = Release;
		};
/* End XCBuildConfiguration section */

/* Begin XCConfigurationList section */
		07C4F81D20B405F9005E37DC /* Build configuration list for PBXProject "SingletonDemo" */ = {
			isa = XCConfigurationList;
			buildConfigurations = (
				07C4F84120B405F9005E37DC /* Debug */,
				07C4F84220B405F9005E37DC /* Release */,
			);
			defaultConfigurationIsVisible = 0;
			defaultConfigurationName = Release;
		};
		07C4F84320B405F9005E37DC /* Build configuration list for PBXNativeTarget "SingletonDemo" */ = {
			isa = XCConfigurationList;
			buildConfigurations = (
				07C4F84420B405F9005E37DC /* Debug */,
				07C4F84520B405F9005E37DC /* Release */,
			);
			defaultConfigurationIsVisible = 0;
			defaultConfigurationName = Release;
		};
		07C4F84620B405F9005E37DC /* Build configuration list for PBXNativeTarget "SingletonDemoTests" */ = {
			isa = XCConfigurationList;
			buildConfigurations = (
				07C4F84720B405F9005E37DC /* Debug */,
				07C4F84820B405F9005E37DC /* Release */,
			);
			defaultConfigurationIsVisible = 0;
			defaultConfigurationName = Release;
		};
/* End XCConfigurationList section */
	};
	rootObject = 07C4F81A20B405F9005E37DC /* Project object */;
}
